
Microsoft Visual Studio Solution File, Format Version 12.00
# Visual Studio Version 17
VisualStudioVersion = 17.4.33110.190
MinimumVisualStudioVersion = 10.0.40219.1
Project("{FAE04EC0-301F-11D3-BF4B-00C04F79EFBC}") = "Recpies_ServerSide_ori", "Recpies_ServerSide_ori.csproj", "{C3AEC488-AD61-433D-BE8C-CD11CDA2970B}"
EndProject
Global
	GlobalSection(SolutionConfigurationPlatforms) = preSolution
		Debug|Any CPU = Debug|Any CPU
		Release|Any CPU = Release|Any CPU
	EndGlobalSection
	GlobalSection(ProjectConfigurationPlatforms) = postSolution
		{C3AEC488-AD61-433D-BE8C-CD11CDA2970B}.Debug|Any CPU.ActiveCfg = Debug|Any CPU
		{C3AEC488-AD61-433D-BE8C-CD11CDA2970B}.Debug|Any CPU.Build.0 = Debug|Any CPU
		{C3AEC488-AD61-433D-BE8C-CD11CDA2970B}.Release|Any CPU.ActiveCfg = Release|Any CPU
		{C3AEC488-AD61-433D-BE8C-CD11CDA2970B}.Release|Any CPU.Build.0 = Release|Any CPU
	EndGlobalSection
	GlobalSection(SolutionProperties) = preSolution
		HideSolutionNode = FALSE
	EndGlobalSection
	GlobalSection(ExtensibilityGlobals) = postSolution
		SolutionGuid = {D0AEE023-E492-438D-8470-5BB5DC6B663B}
	EndGlobalSection
EndGlobal
